
Microsoft Visual Studio Solution File, Format Version 12.00
# Visual Studio Version 17
VisualStudioVersion = 17.6.33829.357
MinimumVisualStudioVersion = 10.0.40219.1
Project("{FAE04EC0-301F-11D3-BF4B-00C04F79EFBC}") = "API", "API\API.csproj", "{AA93F711-D117-4ED2-A4DC-0945E41C3CF6}"
EndProject
Global
	GlobalSection(SolutionConfigurationPlatforms) = preSolution
		Debug|Any CPU = Debug|Any CPU
		Release|Any CPU = Release|Any CPU
	EndGlobalSection
	GlobalSection(ProjectConfigurationPlatforms) = postSolution
		{AA93F711-D117-4ED2-A4DC-0945E41C3CF6}.Debug|Any CPU.ActiveCfg = Debug|Any CPU
		{AA93F711-D117-4ED2-A4DC-0945E41C3CF6}.Debug|Any CPU.Build.0 = Debug|Any CPU
		{AA93F711-D117-4ED2-A4DC-0945E41C3CF6}.Release|Any CPU.ActiveCfg = Release|Any CPU
		{AA93F711-D117-4ED2-A4DC-0945E41C3CF6}.Release|Any CPU.Build.0 = Release|Any CPU
	EndGlobalSection
	GlobalSection(SolutionProperties) = preSolution
		HideSolutionNode = FALSE
	EndGlobalSection
	GlobalSection(ExtensibilityGlobals) = postSolution
		SolutionGuid = {1653763D-B445-4EF9-B49B-5003D11E3B56}
	EndGlobalSection
EndGlobal
